{
  "name": "presstubeutils",
  "version": "1.0.7",
  "lockfileVersion": 3,
  "requires": true,
  "packages": {
    "": {
      "name": "presstubeutils",
      "version": "1.0.7",
      "license": "ISC",
      "dependencies": {
        "createjs": "github:ryosuzuki/createjs",
        "lodash": "^4.17.21"
      }
    },
    "node_modules/createjs": {
      "version": "0.0.1",
      "resolved": "git+ssh://git@github.com/ryosuzuki/createjs.git#a4310e3eaff99137d5e6ea89cac44d4ca2205d65",
      "license": "MIT"
    },
    "node_modules/lodash": {
      "version": "4.17.21",
      "resolved": "https://registry.npmjs.org/lodash/-/lodash-4.17.21.tgz",
      "integrity": "sha512-v2kDEe57lecTulaDIuNTPy3Ry4gLGJ6Z1O3vE1krgXZNrsQ+LFTGHVxVjcXPs17LhbZVGedAJv8XZ1tvj5FvSg=="
    }
  }
}
