{
  "name": "presstubeutils",
  "version": "1.0.0",
  "lockfileVersion": 3,
  "requires": true,
  "packages": {
    "": {
      "name": "presstubeutils",
      "version": "1.0.0",
      "license": "ISC",
      "dependencies": {
        "createjs": "github:ryosuzuki/createjs"
      }
    },
    "node_modules/createjs": {
      "version": "0.0.1",
      "resolved": "git+ssh://git@github.com/ryosuzuki/createjs.git#a4310e3eaff99137d5e6ea89cac44d4ca2205d65",
      "license": "MIT"
    }
  }
}
